// !$*UTF8*$!
{
	archiveVersion = 1;
	classes = {
	};
	objectVersion = 56;
	objects = {

/* Begin PBXBuildFile section */
		CEFCEB8D2B9BEB8600AB5B54 /* AppDelegate.swift in Sources */ = {isa = PBXBuildFile; fileRef = CEFCEB8C2B9BEB8600AB5B54 /* AppDelegate.swift */; };
		CEFCEB8F2B9BEB8600AB5B54 /* SceneDelegate.swift in Sources */ = {isa = PBXBuildFile; fileRef = CEFCEB8E2B9BEB8600AB5B54 /* SceneDelegate.swift */; };
		CEFCEB912B9BEB8600AB5B54 /* CalculatorController.swift in Sources */ = {isa = PBXBuildFile; fileRef = CEFCEB902B9BEB8600AB5B54 /* CalculatorController.swift */; };
		CEFCEB942B9BEB8600AB5B54 /* Main.storyboard in Resources */ = {isa = PBXBuildFile; fileRef = CEFCEB922B9BEB8600AB5B54 /* Main.storyboard */; };
		CEFCEB962B9BEB9100AB5B54 /* Assets.xcassets in Resources */ = {isa = PBXBuildFile; fileRef = CEFCEB952B9BEB9100AB5B54 /* Assets.xcassets */; };
		CEFCEB992B9BEB9100AB5B54 /* LaunchScreen.storyboard in Resources */ = {isa = PBXBuildFile; fileRef = CEFCEB972B9BEB9100AB5B54 /* LaunchScreen.storyboard */; };
		CEFCEBA42B9BEB9300AB5B54 /* Calculator2024Tests.swift in Sources */ = {isa = PBXBuildFile; fileRef = CEFCEBA32B9BEB9300AB5B54 /* Calculator2024Tests.swift */; };
		CEFCEBAE2B9BEB9400AB5B54 /* Calculator2024UITests.swift in Sources */ = {isa = PBXBuildFile; fileRef = CEFCEBAD2B9BEB9400AB5B54 /* Calculator2024UITests.swift */; };
		CEFCEBB02B9BEB9400AB5B54 /* Calculator2024UITestsLaunchTests.swift in Sources */ = {isa = PBXBuildFile; fileRef = CEFCEBAF2B9BEB9400AB5B54 /* Calculator2024UITestsLaunchTests.swift */; };
/* End PBXBuildFile section */

/* Begin PBXContainerItemProxy section */
		CEFCEBA02B9BEB9300AB5B54 /* PBXContainerItemProxy */ = {
			isa = PBXContainerItemProxy;
			containerPortal = CEFCEB812B9BEB8500AB5B54 /* Project object */;
			proxyType = 1;
			remoteGlobalIDString = CEFCEB882B9BEB8600AB5B54;
			remoteInfo = Calculator2024;
		};
		CEFCEBAA2B9BEB9400AB5B54 /* PBXContainerItemProxy */ = {
			isa = PBXContainerItemProxy;
			containerPortal = CEFCEB812B9BEB8500AB5B54 /* Project object */;
			proxyType = 1;
			remoteGlobalIDString = CEFCEB882B9BEB8600AB5B54;
			remoteInfo = Calculator2024;
		};
/* End PBXContainerItemProxy section */

/* Begin PBXFileReference section */
		CEFCEB892B9BEB8600AB5B54 /* Calculator2024.app */ = {isa = PBXFileReference; explicitFileType = wrapper.application; includeInIndex = 0; path = Calculator2024.app; sourceTree = BUILT_PRODUCTS_DIR; };
		CEFCEB8C2B9BEB8600AB5B54 /* AppDelegate.swift */ = {isa = PBXFileReference; lastKnownFileType = sourcecode.swift; path = AppDelegate.swift; sourceTree = "<group>"; };
		CEFCEB8E2B9BEB8600AB5B54 /* SceneDelegate.swift */ = {isa = PBXFileReference; lastKnownFileType = sourcecode.swift; path = SceneDelegate.swift; sourceTree = "<group>"; };
		CEFCEB902B9BEB8600AB5B54 /* CalculatorController.swift */ = {isa = PBXFileReference; lastKnownFileType = sourcecode.swift; path = CalculatorController.swift; sourceTree = "<group>"; };
		CEFCEB932B9BEB8600AB5B54 /* Base */ = {isa = PBXFileReference; lastKnownFileType = file.storyboard; name = Base; path = Base.lproj/Main.storyboard; sourceTree = "<group>"; };
		CEFCEB952B9BEB9100AB5B54 /* Assets.xcassets */ = {isa = PBXFileReference; lastKnownFileType = folder.assetcatalog; path = Assets.xcassets; sourceTree = "<group>"; };
		CEFCEB982B9BEB9100AB5B54 /* Base */ = {isa = PBXFileReference; lastKnownFileType = file.storyboard; name = Base; path = Base.lproj/LaunchScreen.storyboard; sourceTree = "<group>"; };
		CEFCEB9A2B9BEB9100AB5B54 /* Info.plist */ = {isa = PBXFileReference; lastKnownFileType = text.plist.xml; path = Info.plist; sourceTree = "<group>"; };
		CEFCEB9F2B9BEB9300AB5B54 /* Calculator2024Tests.xctest */ = {isa = PBXFileReference; explicitFileType = wrapper.cfbundle; includeInIndex = 0; path = Calculator2024Tests.xctest; sourceTree = BUILT_PRODUCTS_DIR; };
		CEFCEBA32B9BEB9300AB5B54 /* Calculator2024Tests.swift */ = {isa = PBXFileReference; lastKnownFileType = sourcecode.swift; path = Calculator2024Tests.swift; sourceTree = "<group>"; };
		CEFCEBA92B9BEB9300AB5B54 /* Calculator2024UITests.xctest */ = {isa = PBXFileReference; explicitFileType = wrapper.cfbundle; includeInIndex = 0; path = Calculator2024UITests.xctest; sourceTree = BUILT_PRODUCTS_DIR; };
		CEFCEBAD2B9BEB9400AB5B54 /* Calculator2024UITests.swift */ = {isa = PBXFileReference; lastKnownFileType = sourcecode.swift; path = Calculator2024UITests.swift; sourceTree = "<group>"; };
		CEFCEBAF2B9BEB9400AB5B54 /* Calculator2024UITestsLaunchTests.swift */ = {isa = PBXFileReference; lastKnownFileType = sourcecode.swift; path = Calculator2024UITestsLaunchTests.swift; sourceTree = "<group>"; };
/* End PBXFileReference section */

/* Begin PBXFrameworksBuildPhase section */
		CEFCEB862B9BEB8600AB5B54 /* Frameworks */ = {
			isa = PBXFrameworksBuildPhase;
			buildActionMask = 2147483647;
			files = (
			);
			runOnlyForDeploymentPostprocessing = 0;
		};
		CEFCEB9C2B9BEB9300AB5B54 /* Frameworks */ = {
			isa = PBXFrameworksBuildPhase;
			buildActionMask = 2147483647;
			files = (
			);
			runOnlyForDeploymentPostprocessing = 0;
		};
		CEFCEBA62B9BEB9300AB5B54 /* Frameworks */ = {
			isa = PBXFrameworksBuildPhase;
			buildActionMask = 2147483647;
			files = (
			);
			runOnlyForDeploymentPostprocessing = 0;
		};
/* End PBXFrameworksBuildPhase section */

/* Begin PBXGroup section */
		CEFCEB802B9BEB8500AB5B54 = {
			isa = PBXGroup;
			children = (
				CEFCEB8B2B9BEB8600AB5B54 /* Calculator2024 */,
				CEFCEBA22B9BEB9300AB5B54 /* Calculator2024Tests */,
				CEFCEBAC2B9BEB9400AB5B54 /* Calculator2024UITests */,
				CEFCEB8A2B9BEB8600AB5B54 /* Products */,
			);
			sourceTree = "<group>";
		};
		CEFCEB8A2B9BEB8600AB5B54 /* Products */ = {
			isa = PBXGroup;
			children = (
				CEFCEB892B9BEB8600AB5B54 /* Calculator2024.app */,
				CEFCEB9F2B9BEB9300AB5B54 /* Calculator2024Tests.xctest */,
				CEFCEBA92B9BEB9300AB5B54 /* Calculator2024UITests.xctest */,
			);
			name = Products;
			sourceTree = "<group>";
		};
		CEFCEB8B2B9BEB8600AB5B54 /* Calculator2024 */ = {
			isa = PBXGroup;
			children = (
				CEFCEBBD2B9BF12F00AB5B54 /* Controllers */,
				CEFCEB922B9BEB8600AB5B54 /* Main.storyboard */,
				CEFCEBBC2B9BF02700AB5B54 /* System files */,
			);
			path = Calculator2024;
			sourceTree = "<group>";
		};
		CEFCEBA22B9BEB9300AB5B54 /* Calculator2024Tests */ = {
			isa = PBXGroup;
			children = (
				CEFCEBA32B9BEB9300AB5B54 /* Calculator2024Tests.swift */,
			);
			path = Calculator2024Tests;
			sourceTree = "<group>";
		};
		CEFCEBAC2B9BEB9400AB5B54 /* Calculator2024UITests */ = {
			isa = PBXGroup;
			children = (
				CEFCEBAD2B9BEB9400AB5B54 /* Calculator2024UITests.swift */,
				CEFCEBAF2B9BEB9400AB5B54 /* Calculator2024UITestsLaunchTests.swift */,
			);
			path = Calculator2024UITests;
			sourceTree = "<group>";
		};
		CEFCEBBC2B9BF02700AB5B54 /* System files */ = {
			isa = PBXGroup;
			children = (
				CEFCEB8C2B9BEB8600AB5B54 /* AppDelegate.swift */,
				CEFCEB8E2B9BEB8600AB5B54 /* SceneDelegate.swift */,
				CEFCEB952B9BEB9100AB5B54 /* Assets.xcassets */,
				CEFCEB972B9BEB9100AB5B54 /* LaunchScreen.storyboard */,
				CEFCEB9A2B9BEB9100AB5B54 /* Info.plist */,
			);
			name = "System files";
			sourceTree = "<group>";
		};
		CEFCEBBD2B9BF12F00AB5B54 /* Controllers */ = {
			isa = PBXGroup;
			children = (
				CEFCEB902B9BEB8600AB5B54 /* CalculatorController.swift */,
			);
			name = Controllers;
			sourceTree = "<group>";
		};
/* End PBXGroup section */

/* Begin PBXNativeTarget section */
		CEFCEB882B9BEB8600AB5B54 /* Calculator2024 */ = {
			isa = PBXNativeTarget;
			buildConfigurationList = CEFCEBB32B9BEB9400AB5B54 /* Build configuration list for PBXNativeTarget "Calculator2024" */;
			buildPhases = (
				CEFCEB852B9BEB8600AB5B54 /* Sources */,
				CEFCEB862B9BEB8600AB5B54 /* Frameworks */,
				CEFCEB872B9BEB8600AB5B54 /* Resources */,
			);
			buildRules = (
			);
			dependencies = (
			);
			name = Calculator2024;
			productName = Calculator2024;
			productReference = CEFCEB892B9BEB8600AB5B54 /* Calculator2024.app */;
			productType = "com.apple.product-type.application";
		};
		CEFCEB9E2B9BEB9300AB5B54 /* Calculator2024Tests */ = {
			isa = PBXNativeTarget;
			buildConfigurationList = CEFCEBB62B9BEB9400AB5B54 /* Build configuration list for PBXNativeTarget "Calculator2024Tests" */;
			buildPhases = (
				CEFCEB9B2B9BEB9300AB5B54 /* Sources */,
				CEFCEB9C2B9BEB9300AB5B54 /* Frameworks */,
				CEFCEB9D2B9BEB9300AB5B54 /* Resources */,
			);
			buildRules = (
			);
			dependencies = (
				CEFCEBA12B9BEB9300AB5B54 /* PBXTargetDependency */,
			);
			name = Calculator2024Tests;
			productName = Calculator2024Tests;
			productReference = CEFCEB9F2B9BEB9300AB5B54 /* Calculator2024Tests.xctest */;
			productType = "com.apple.product-type.bundle.unit-test";
		};
		CEFCEBA82B9BEB9300AB5B54 /* Calculator2024UITests */ = {
			isa = PBXNativeTarget;
			buildConfigurationList = CEFCEBB92B9BEB9400AB5B54 /* Build configuration list for PBXNativeTarget "Calculator2024UITests" */;
			buildPhases = (
				CEFCEBA52B9BEB9300AB5B54 /* Sources */,
				CEFCEBA62B9BEB9300AB5B54 /* Frameworks */,
				CEFCEBA72B9BEB9300AB5B54 /* Resources */,
			);
			buildRules = (
			);
			dependencies = (
				CEFCEBAB2B9BEB9400AB5B54 /* PBXTargetDependency */,
			);
			name = Calculator2024UITests;
			productName = Calculator2024UITests;
			productReference = CEFCEBA92B9BEB9300AB5B54 /* Calculator2024UITests.xctest */;
			productType = "com.apple.product-type.bundle.ui-testing";
		};
/* End PBXNativeTarget section */

/* Begin PBXProject section */
		CEFCEB812B9BEB8500AB5B54 /* Project object */ = {
			isa = PBXProject;
			attributes = {
				BuildIndependentTargetsInParallel = 1;
				LastSwiftUpdateCheck = 1420;
				LastUpgradeCheck = 1420;
				TargetAttributes = {
					CEFCEB882B9BEB8600AB5B54 = {
						CreatedOnToolsVersion = 14.2;
					};
					CEFCEB9E2B9BEB9300AB5B54 = {
						CreatedOnToolsVersion = 14.2;
						TestTargetID = CEFCEB882B9BEB8600AB5B54;
					};
					CEFCEBA82B9BEB9300AB5B54 = {
						CreatedOnToolsVersion = 14.2;
						TestTargetID = CEFCEB882B9BEB8600AB5B54;
					};
				};
			};
			buildConfigurationList = CEFCEB842B9BEB8500AB5B54 /* Build configuration list for PBXProject "Calculator2024" */;
			compatibilityVersion = "Xcode 14.0";
			developmentRegion = en;
			hasScannedForEncodings = 0;
			knownRegions = (
				en,
				Base,
			);
			mainGroup = CEFCEB802B9BEB8500AB5B54;
			productRefGroup = CEFCEB8A2B9BEB8600AB5B54 /* Products */;
			projectDirPath = "";
			projectRoot = "";
			targets = (
				CEFCEB882B9BEB8600AB5B54 /* Calculator2024 */,
				CEFCEB9E2B9BEB9300AB5B54 /* Calculator2024Tests */,
				CEFCEBA82B9BEB9300AB5B54 /* Calculator2024UITests */,
			);
		};
/* End PBXProject section */

/* Begin PBXResourcesBuildPhase section */
		CEFCEB872B9BEB8600AB5B54 /* Resources */ = {
			isa = PBXResourcesBuildPhase;
			buildActionMask = 2147483647;
			files = (
				CEFCEB992B9BEB9100AB5B54 /* LaunchScreen.storyboard in Resources */,
				CEFCEB962B9BEB9100AB5B54 /* Assets.xcassets in Resources */,
				CEFCEB942B9BEB8600AB5B54 /* Main.storyboard in Resources */,
			);
			runOnlyForDeploymentPostprocessing = 0;
		};
		CEFCEB9D2B9BEB9300AB5B54 /* Resources */ = {
			isa = PBXResourcesBuildPhase;
			buildActionMask = 2147483647;
			files = (
			);
			runOnlyForDeploymentPostprocessing = 0;
		};
		CEFCEBA72B9BEB9300AB5B54 /* Resources */ = {
			isa = PBXResourcesBuildPhase;
			buildActionMask = 2147483647;
			files = (
			);
			runOnlyForDeploymentPostprocessing = 0;
		};
/* End PBXResourcesBuildPhase section */

/* Begin PBXSourcesBuildPhase section */
		CEFCEB852B9BEB8600AB5B54 /* Sources */ = {
			isa = PBXSourcesBuildPhase;
			buildActionMask = 2147483647;
			files = (
				CEFCEB912B9BEB8600AB5B54 /* CalculatorController.swift in Sources */,
				CEFCEB8D2B9BEB8600AB5B54 /* AppDelegate.swift in Sources */,
				CEFCEB8F2B9BEB8600AB5B54 /* SceneDelegate.swift in Sources */,
			);
			runOnlyForDeploymentPostprocessing = 0;
		};
		CEFCEB9B2B9BEB9300AB5B54 /* Sources */ = {
			isa = PBXSourcesBuildPhase;
			buildActionMask = 2147483647;
			files = (
				CEFCEBA42B9BEB9300AB5B54 /* Calculator2024Tests.swift in Sources */,
			);
			runOnlyForDeploymentPostprocessing = 0;
		};
		CEFCEBA52B9BEB9300AB5B54 /* Sources */ = {
			isa = PBXSourcesBuildPhase;
			buildActionMask = 2147483647;
			files = (
				CEFCEBB02B9BEB9400AB5B54 /* Calculator2024UITestsLaunchTests.swift in Sources */,
				CEFCEBAE2B9BEB9400AB5B54 /* Calculator2024UITests.swift in Sources */,
			);
			runOnlyForDeploymentPostprocessing = 0;
		};
/* End PBXSourcesBuildPhase section */

/* Begin PBXTargetDependency section */
		CEFCEBA12B9BEB9300AB5B54 /* PBXTargetDependency */ = {
			isa = PBXTargetDependency;
			target = CEFCEB882B9BEB8600AB5B54 /* Calculator2024 */;
			targetProxy = CEFCEBA02B9BEB9300AB5B54 /* PBXContainerItemProxy */;
		};
		CEFCEBAB2B9BEB9400AB5B54 /* PBXTargetDependency */ = {
			isa = PBXTargetDependency;
			target = CEFCEB882B9BEB8600AB5B54 /* Calculator2024 */;
			targetProxy = CEFCEBAA2B9BEB9400AB5B54 /* PBXContainerItemProxy */;
		};
/* End PBXTargetDependency section */

/* Begin PBXVariantGroup section */
		CEFCEB922B9BEB8600AB5B54 /* Main.storyboard */ = {
			isa = PBXVariantGroup;
			children = (
				CEFCEB932B9BEB8600AB5B54 /* Base */,
			);
			name = Main.storyboard;
			sourceTree = "<group>";
		};
		CEFCEB972B9BEB9100AB5B54 /* LaunchScreen.storyboard */ = {
			isa = PBXVariantGroup;
			children = (
				CEFCEB982B9BEB9100AB5B54 /* Base */,
			);
			name = LaunchScreen.storyboard;
			sourceTree = "<group>";
		};
/* End PBXVariantGroup section */

/* Begin XCBuildConfiguration section */
		CEFCEBB12B9BEB9400AB5B54 /* Debug */ = {
			isa = XCBuildConfiguration;
			buildSettings = {
				ALWAYS_SEARCH_USER_PATHS = NO;
				CLANG_ANALYZER_NONNULL = YES;
				CLANG_ANALYZER_NUMBER_OBJECT_CONVERSION = YES_AGGRESSIVE;
				CLANG_CXX_LANGUAGE_STANDARD = "gnu++20";
				CLANG_ENABLE_MODULES = YES;
				CLANG_ENABLE_OBJC_ARC = YES;
				CLANG_ENABLE_OBJC_WEAK = YES;
				CLANG_WARN_BLOCK_CAPTURE_AUTORELEASING = YES;
				CLANG_WARN_BOOL_CONVERSION = YES;
				CLANG_WARN_COMMA = YES;
				CLANG_WARN_CONSTANT_CONVERSION = YES;
				CLANG_WARN_DEPRECATED_OBJC_IMPLEMENTATIONS = YES;
				CLANG_WARN_DIRECT_OBJC_ISA_USAGE = YES_ERROR;
				CLANG_WARN_DOCUMENTATION_COMMENTS = YES;
				CLANG_WARN_EMPTY_BODY = YES;
				CLANG_WARN_ENUM_CONVERSION = YES;
				CLANG_WARN_INFINITE_RECURSION = YES;
				CLANG_WARN_INT_CONVERSION = YES;
				CLANG_WARN_NON_LITERAL_NULL_CONVERSION = YES;
				CLANG_WARN_OBJC_IMPLICIT_RETAIN_SELF = YES;
				CLANG_WARN_OBJC_LITERAL_CONVERSION = YES;
				CLANG_WARN_OBJC_ROOT_CLASS = YES_ERROR;
				CLANG_WARN_QUOTED_INCLUDE_IN_FRAMEWORK_HEADER = YES;
				CLANG_WARN_RANGE_LOOP_ANALYSIS = YES;
				CLANG_WARN_STRICT_PROTOTYPES = YES;
				CLANG_WARN_SUSPICIOUS_MOVE = YES;
				CLANG_WARN_UNGUARDED_AVAILABILITY = YES_AGGRESSIVE;
				CLANG_WARN_UNREACHABLE_CODE = YES;
				CLANG_WARN__DUPLICATE_METHOD_MATCH = YES;
				COPY_PHASE_STRIP = NO;
				DEBUG_INFORMATION_FORMAT = dwarf;
				ENABLE_STRICT_OBJC_MSGSEND = YES;
				ENABLE_TESTABILITY = YES;
				GCC_C_LANGUAGE_STANDARD = gnu11;
				GCC_DYNAMIC_NO_PIC = NO;
				GCC_NO_COMMON_BLOCKS = YES;
				GCC_OPTIMIZATION_LEVEL = 0;
				GCC_PREPROCESSOR_DEFINITIONS = (
					"DEBUG=1",
					"$(inherited)",
				);
				GCC_WARN_64_TO_32_BIT_CONVERSION = YES;
				GCC_WARN_ABOUT_RETURN_TYPE = YES_ERROR;
				GCC_WARN_UNDECLARED_SELECTOR = YES;
				GCC_WARN_UNINITIALIZED_AUTOS = YES_AGGRESSIVE;
				GCC_WARN_UNUSED_FUNCTION = YES;
				GCC_WARN_UNUSED_VARIABLE = YES;
				IPHONEOS_DEPLOYMENT_TARGET = 16.2;
				MTL_ENABLE_DEBUG_INFO = INCLUDE_SOURCE;
				MTL_FAST_MATH = YES;
				ONLY_ACTIVE_ARCH = YES;
				SDKROOT = iphoneos;
				SWIFT_ACTIVE_COMPILATION_CONDITIONS = DEBUG;
				SWIFT_OPTIMIZATION_LEVEL = "-Onone";
			};
			name = Debug;
		};
		CEFCEBB22B9BEB9400AB5B54 /* Release */ = {
			isa = XCBuildConfiguration;
			buildSettings = {
				ALWAYS_SEARCH_USER_PATHS = NO;
				CLANG_ANALYZER_NONNULL = YES;
				CLANG_ANALYZER_NUMBER_OBJECT_CONVERSION = YES_AGGRESSIVE;
				CLANG_CXX_LANGUAGE_STANDARD = "gnu++20";
				CLANG_ENABLE_MODULES = YES;
				CLANG_ENABLE_OBJC_ARC = YES;
				CLANG_ENABLE_OBJC_WEAK = YES;
				CLANG_WARN_BLOCK_CAPTURE_AUTORELEASING = YES;
				CLANG_WARN_BOOL_CONVERSION = YES;
				CLANG_WARN_COMMA = YES;
				CLANG_WARN_CONSTANT_CONVERSION = YES;
				CLANG_WARN_DEPRECATED_OBJC_IMPLEMENTATIONS = YES;
				CLANG_WARN_DIRECT_OBJC_ISA_USAGE = YES_ERROR;
				CLANG_WARN_DOCUMENTATION_COMMENTS = YES;
				CLANG_WARN_EMPTY_BODY = YES;
				CLANG_WARN_ENUM_CONVERSION = YES;
				CLANG_WARN_INFINITE_RECURSION = YES;
				CLANG_WARN_INT_CONVERSION = YES;
				CLANG_WARN_NON_LITERAL_NULL_CONVERSION = YES;
				CLANG_WARN_OBJC_IMPLICIT_RETAIN_SELF = YES;
				CLANG_WARN_OBJC_LITERAL_CONVERSION = YES;
				CLANG_WARN_OBJC_ROOT_CLASS = YES_ERROR;
				CLANG_WARN_QUOTED_INCLUDE_IN_FRAMEWORK_HEADER = YES;
				CLANG_WARN_RANGE_LOOP_ANALYSIS = YES;
				CLANG_WARN_STRICT_PROTOTYPES = YES;
				CLANG_WARN_SUSPICIOUS_MOVE = YES;
				CLANG_WARN_UNGUARDED_AVAILABILITY = YES_AGGRESSIVE;
				CLANG_WARN_UNREACHABLE_CODE = YES;
				CLANG_WARN__DUPLICATE_METHOD_MATCH = YES;
				COPY_PHASE_STRIP = NO;
				DEBUG_INFORMATION_FORMAT = "dwarf-with-dsym";
				ENABLE_NS_ASSERTIONS = NO;
				ENABLE_STRICT_OBJC_MSGSEND = YES;
				GCC_C_LANGUAGE_STANDARD = gnu11;
				GCC_NO_COMMON_BLOCKS = YES;
				GCC_WARN_64_TO_32_BIT_CONVERSION = YES;
				GCC_WARN_ABOUT_RETURN_TYPE = YES_ERROR;
				GCC_WARN_UNDECLARED_SELECTOR = YES;
				GCC_WARN_UNINITIALIZED_AUTOS = YES_AGGRESSIVE;
				GCC_WARN_UNUSED_FUNCTION = YES;
				GCC_WARN_UNUSED_VARIABLE = YES;
				IPHONEOS_DEPLOYMENT_TARGET = 16.2;
				MTL_ENABLE_DEBUG_INFO = NO;
				MTL_FAST_MATH = YES;
				SDKROOT = iphoneos;
				SWIFT_COMPILATION_MODE = wholemodule;
				SWIFT_OPTIMIZATION_LEVEL = "-O";
				VALIDATE_PRODUCT = YES;
			};
			name = Release;
		};
		CEFCEBB42B9BEB9400AB5B54 /* Debug */ = {
			isa = XCBuildConfiguration;
			buildSettings = {
				ASSETCATALOG_COMPILER_APPICON_NAME = AppIcon;
				ASSETCATALOG_COMPILER_GLOBAL_ACCENT_COLOR_NAME = AccentColor;
				CODE_SIGN_STYLE = Automatic;
				CURRENT_PROJECT_VERSION = 1;
				GENERATE_INFOPLIST_FILE = YES;
				INFOPLIST_FILE = Calculator2024/Info.plist;
				INFOPLIST_KEY_UIApplicationSupportsIndirectInputEvents = YES;
				INFOPLIST_KEY_UILaunchStoryboardName = LaunchScreen;
				INFOPLIST_KEY_UIMainStoryboardFile = Main;
				INFOPLIST_KEY_UISupportedInterfaceOrientations_iPad = "UIInterfaceOrientationPortrait UIInterfaceOrientationPortraitUpsideDown UIInterfaceOrientationLandscapeLeft UIInterfaceOrientationLandscapeRight";
				INFOPLIST_KEY_UISupportedInterfaceOrientations_iPhone = "UIInterfaceOrientationPortrait UIInterfaceOrientationLandscapeLeft UIInterfaceOrientationLandscapeRight";
				LD_RUNPATH_SEARCH_PATHS = (
					"$(inherited)",
					"@executable_path/Frameworks",
				);
				MARKETING_VERSION = 1.0;
				PRODUCT_BUNDLE_IDENTIFIER = vn.edu.tdc.Calculator2024;
				PRODUCT_NAME = "$(TARGET_NAME)";
				SWIFT_EMIT_LOC_STRINGS = YES;
				SWIFT_VERSION = 5.0;
				TARGETED_DEVICE_FAMILY = "1,2";
			};
			name = Debug;
		};
		CEFCEBB52B9BEB9400AB5B54 /* Release */ = {
			isa = XCBuildConfiguration;
			buildSettings = {
				ASSETCATALOG_COMPILER_APPICON_NAME = AppIcon;
				ASSETCATALOG_COMPILER_GLOBAL_ACCENT_COLOR_NAME = AccentColor;
				CODE_SIGN_STYLE = Automatic;
				CURRENT_PROJECT_VERSION = 1;
				GENERATE_INFOPLIST_FILE = YES;
				INFOPLIST_FILE = Calculator2024/Info.plist;
				INFOPLIST_KEY_UIApplicationSupportsIndirectInputEvents = YES;
				INFOPLIST_KEY_UILaunchStoryboardName = LaunchScreen;
				INFOPLIST_KEY_UIMainStoryboardFile = Main;
				INFOPLIST_KEY_UISupportedInterfaceOrientations_iPad = "UIInterfaceOrientationPortrait UIInterfaceOrientationPortraitUpsideDown UIInterfaceOrientationLandscapeLeft UIInterfaceOrientationLandscapeRight";
				INFOPLIST_KEY_UISupportedInterfaceOrientations_iPhone = "UIInterfaceOrientationPortrait UIInterfaceOrientationLandscapeLeft UIInterfaceOrientationLandscapeRight";
				LD_RUNPATH_SEARCH_PATHS = (
					"$(inherited)",
					"@executable_path/Frameworks",
				);
				MARKETING_VERSION = 1.0;
				PRODUCT_BUNDLE_IDENTIFIER = vn.edu.tdc.Calculator2024;
				PRODUCT_NAME = "$(TARGET_NAME)";
				SWIFT_EMIT_LOC_STRINGS = YES;
				SWIFT_VERSION = 5.0;
				TARGETED_DEVICE_FAMILY = "1,2";
			};
			name = Release;
		};
		CEFCEBB72B9BEB9400AB5B54 /* Debug */ = {
			isa = XCBuildConfiguration;
			buildSettings = {
				ALWAYS_EMBED_SWIFT_STANDARD_LIBRARIES = YES;
				BUNDLE_LOADER = "$(TEST_HOST)";
				CODE_SIGN_STYLE = Automatic;
				CURRENT_PROJECT_VERSION = 1;
				GENERATE_INFOPLIST_FILE = YES;
				IPHONEOS_DEPLOYMENT_TARGET = 16.2;
				MARKETING_VERSION = 1.0;
				PRODUCT_BUNDLE_IDENTIFIER = vn.edu.tdc.Calculator2024Tests;
				PRODUCT_NAME = "$(TARGET_NAME)";
				SWIFT_EMIT_LOC_STRINGS = NO;
				SWIFT_VERSION = 5.0;
				TARGETED_DEVICE_FAMILY = "1,2";
				TEST_HOST = "$(BUILT_PRODUCTS_DIR)/Calculator2024.app/$(BUNDLE_EXECUTABLE_FOLDER_PATH)/Calculator2024";
			};
			name = Debug;
		};
		CEFCEBB82B9BEB9400AB5B54 /* Release */ = {
			isa = XCBuildConfiguration;
			buildSettings = {
				ALWAYS_EMBED_SWIFT_STANDARD_LIBRARIES = YES;
				BUNDLE_LOADER = "$(TEST_HOST)";
				CODE_SIGN_STYLE = Automatic;
				CURRENT_PROJECT_VERSION = 1;
				GENERATE_INFOPLIST_FILE = YES;
				IPHONEOS_DEPLOYMENT_TARGET = 16.2;
				MARKETING_VERSION = 1.0;
				PRODUCT_BUNDLE_IDENTIFIER = vn.edu.tdc.Calculator2024Tests;
				PRODUCT_NAME = "$(TARGET_NAME)";
				SWIFT_EMIT_LOC_STRINGS = NO;
				SWIFT_VERSION = 5.0;
				TARGETED_DEVICE_FAMILY = "1,2";
				TEST_HOST = "$(BUILT_PRODUCTS_DIR)/Calculator2024.app/$(BUNDLE_EXECUTABLE_FOLDER_PATH)/Calculator2024";
			};
			name = Release;
		};
		CEFCEBBA2B9BEB9400AB5B54 /* Debug */ = {
			isa = XCBuildConfiguration;
			buildSettings = {
				ALWAYS_EMBED_SWIFT_STANDARD_LIBRARIES = YES;
				CODE_SIGN_STYLE = Automatic;
				CURRENT_PROJECT_VERSION = 1;
				GENERATE_INFOPLIST_FILE = YES;
				MARKETING_VERSION = 1.0;
				PRODUCT_BUNDLE_IDENTIFIER = vn.edu.tdc.Calculator2024UITests;
				PRODUCT_NAME = "$(TARGET_NAME)";
				SWIFT_EMIT_LOC_STRINGS = NO;
				SWIFT_VERSION = 5.0;
				TARGETED_DEVICE_FAMILY = "1,2";
				TEST_TARGET_NAME = Calculator2024;
			};
			name = Debug;
		};
		CEFCEBBB2B9BEB9400AB5B54 /* Release */ = {
			isa = XCBuildConfiguration;
			buildSettings = {
				ALWAYS_EMBED_SWIFT_STANDARD_LIBRARIES = YES;
				CODE_SIGN_STYLE = Automatic;
				CURRENT_PROJECT_VERSION = 1;
				GENERATE_INFOPLIST_FILE = YES;
				MARKETING_VERSION = 1.0;
				PRODUCT_BUNDLE_IDENTIFIER = vn.edu.tdc.Calculator2024UITests;
				PRODUCT_NAME = "$(TARGET_NAME)";
				SWIFT_EMIT_LOC_STRINGS = NO;
				SWIFT_VERSION = 5.0;
				TARGETED_DEVICE_FAMILY = "1,2";
				TEST_TARGET_NAME = Calculator2024;
			};
			name = Release;
		};
/* End XCBuildConfiguration section */

/* Begin XCConfigurationList section */
		CEFCEB842B9BEB8500AB5B54 /* Build configuration list for PBXProject "Calculator2024" */ = {
			isa = XCConfigurationList;
			buildConfigurations = (
				CEFCEBB12B9BEB9400AB5B54 /* Debug */,
				CEFCEBB22B9BEB9400AB5B54 /* Release */,
			);
			defaultConfigurationIsVisible = 0;
			defaultConfigurationName = Release;
		};
		CEFCEBB32B9BEB9400AB5B54 /* Build configuration list for PBXNativeTarget "Calculator2024" */ = {
			isa = XCConfigurationList;
			buildConfigurations = (
				CEFCEBB42B9BEB9400AB5B54 /* Debug */,
				CEFCEBB52B9BEB9400AB5B54 /* Release */,
			);
			defaultConfigurationIsVisible = 0;
			defaultConfigurationName = Release;
		};
		CEFCEBB62B9BEB9400AB5B54 /* Build configuration list for PBXNativeTarget "Calculator2024Tests" */ = {
			isa = XCConfigurationList;
			buildConfigurations = (
				CEFCEBB72B9BEB9400AB5B54 /* Debug */,
				CEFCEBB82B9BEB9400AB5B54 /* Release */,
			);
			defaultConfigurationIsVisible = 0;
			defaultConfigurationName = Release;
		};
		CEFCEBB92B9BEB9400AB5B54 /* Build configuration list for PBXNativeTarget "Calculator2024UITests" */ = {
			isa = XCConfigurationList;
			buildConfigurations = (
				CEFCEBBA2B9BEB9400AB5B54 /* Debug */,
				CEFCEBBB2B9BEB9400AB5B54 /* Release */,
			);
			defaultConfigurationIsVisible = 0;
			defaultConfigurationName = Release;
		};
/* End XCConfigurationList section */
	};
	rootObject = CEFCEB812B9BEB8500AB5B54 /* Project object */;
}
