// !$*UTF8*$!
{
	archiveVersion = 1;
	classes = {
	};
	objectVersion = 56;
	objects = {

/* Begin PBXBuildFile section */
		CE236C282AA7145D00D99DDE /* AppDelegate.swift in Sources */ = {isa = PBXBuildFile; fileRef = CE236C272AA7145D00D99DDE /* AppDelegate.swift */; };
		CE236C2A2AA7145D00D99DDE /* SceneDelegate.swift in Sources */ = {isa = PBXBuildFile; fileRef = CE236C292AA7145D00D99DDE /* SceneDelegate.swift */; };
		CE236C2C2AA7145D00D99DDE /* ViewController.swift in Sources */ = {isa = PBXBuildFile; fileRef = CE236C2B2AA7145D00D99DDE /* ViewController.swift */; };
		CE236C2F2AA7145D00D99DDE /* Main.storyboard in Resources */ = {isa = PBXBuildFile; fileRef = CE236C2D2AA7145D00D99DDE /* Main.storyboard */; };
		CE236C312AA7145E00D99DDE /* Assets.xcassets in Resources */ = {isa = PBXBuildFile; fileRef = CE236C302AA7145E00D99DDE /* Assets.xcassets */; };
		CE236C342AA7145E00D99DDE /* LaunchScreen.storyboard in Resources */ = {isa = PBXBuildFile; fileRef = CE236C322AA7145E00D99DDE /* LaunchScreen.storyboard */; };
		CE236C3F2AA7145E00D99DDE /* TestTests.swift in Sources */ = {isa = PBXBuildFile; fileRef = CE236C3E2AA7145E00D99DDE /* TestTests.swift */; };
		CE236C492AA7145E00D99DDE /* TestUITests.swift in Sources */ = {isa = PBXBuildFile; fileRef = CE236C482AA7145E00D99DDE /* TestUITests.swift */; };
		CE236C4B2AA7145E00D99DDE /* TestUITestsLaunchTests.swift in Sources */ = {isa = PBXBuildFile; fileRef = CE236C4A2AA7145E00D99DDE /* TestUITestsLaunchTests.swift */; };
/* End PBXBuildFile section */

/* Begin PBXContainerItemProxy section */
		CE236C3B2AA7145E00D99DDE /* PBXContainerItemProxy */ = {
			isa = PBXContainerItemProxy;
			containerPortal = CE236C1C2AA7145D00D99DDE /* Project object */;
			proxyType = 1;
			remoteGlobalIDString = CE236C232AA7145D00D99DDE;
			remoteInfo = Test;
		};
		CE236C452AA7145E00D99DDE /* PBXContainerItemProxy */ = {
			isa = PBXContainerItemProxy;
			containerPortal = CE236C1C2AA7145D00D99DDE /* Project object */;
			proxyType = 1;
			remoteGlobalIDString = CE236C232AA7145D00D99DDE;
			remoteInfo = Test;
		};
/* End PBXContainerItemProxy section */

/* Begin PBXFileReference section */
		CE236C242AA7145D00D99DDE /* Test.app */ = {isa = PBXFileReference; explicitFileType = wrapper.application; includeInIndex = 0; path = Test.app; sourceTree = BUILT_PRODUCTS_DIR; };
		CE236C272AA7145D00D99DDE /* AppDelegate.swift */ = {isa = PBXFileReference; lastKnownFileType = sourcecode.swift; path = AppDelegate.swift; sourceTree = "<group>"; };
		CE236C292AA7145D00D99DDE /* SceneDelegate.swift */ = {isa = PBXFileReference; lastKnownFileType = sourcecode.swift; path = SceneDelegate.swift; sourceTree = "<group>"; };
		CE236C2B2AA7145D00D99DDE /* ViewController.swift */ = {isa = PBXFileReference; lastKnownFileType = sourcecode.swift; path = ViewController.swift; sourceTree = "<group>"; };
		CE236C2E2AA7145D00D99DDE /* Base */ = {isa = PBXFileReference; lastKnownFileType = file.storyboard; name = Base; path = Base.lproj/Main.storyboard; sourceTree = "<group>"; };
		CE236C302AA7145E00D99DDE /* Assets.xcassets */ = {isa = PBXFileReference; lastKnownFileType = folder.assetcatalog; path = Assets.xcassets; sourceTree = "<group>"; };
		CE236C332AA7145E00D99DDE /* Base */ = {isa = PBXFileReference; lastKnownFileType = file.storyboard; name = Base; path = Base.lproj/LaunchScreen.storyboard; sourceTree = "<group>"; };
		CE236C352AA7145E00D99DDE /* Info.plist */ = {isa = PBXFileReference; lastKnownFileType = text.plist.xml; path = Info.plist; sourceTree = "<group>"; };
		CE236C3A2AA7145E00D99DDE /* TestTests.xctest */ = {isa = PBXFileReference; explicitFileType = wrapper.cfbundle; includeInIndex = 0; path = TestTests.xctest; sourceTree = BUILT_PRODUCTS_DIR; };
		CE236C3E2AA7145E00D99DDE /* TestTests.swift */ = {isa = PBXFileReference; lastKnownFileType = sourcecode.swift; path = TestTests.swift; sourceTree = "<group>"; };
		CE236C442AA7145E00D99DDE /* TestUITests.xctest */ = {isa = PBXFileReference; explicitFileType = wrapper.cfbundle; includeInIndex = 0; path = TestUITests.xctest; sourceTree = BUILT_PRODUCTS_DIR; };
		CE236C482AA7145E00D99DDE /* TestUITests.swift */ = {isa = PBXFileReference; lastKnownFileType = sourcecode.swift; path = TestUITests.swift; sourceTree = "<group>"; };
		CE236C4A2AA7145E00D99DDE /* TestUITestsLaunchTests.swift */ = {isa = PBXFileReference; lastKnownFileType = sourcecode.swift; path = TestUITestsLaunchTests.swift; sourceTree = "<group>"; };
/* End PBXFileReference section */

/* Begin PBXFrameworksBuildPhase section */
		CE236C212AA7145D00D99DDE /* Frameworks */ = {
			isa = PBXFrameworksBuildPhase;
			buildActionMask = 2147483647;
			files = (
			);
			runOnlyForDeploymentPostprocessing = 0;
		};
		CE236C372AA7145E00D99DDE /* Frameworks */ = {
			isa = PBXFrameworksBuildPhase;
			buildActionMask = 2147483647;
			files = (
			);
			runOnlyForDeploymentPostprocessing = 0;
		};
		CE236C412AA7145E00D99DDE /* Frameworks */ = {
			isa = PBXFrameworksBuildPhase;
			buildActionMask = 2147483647;
			files = (
			);
			runOnlyForDeploymentPostprocessing = 0;
		};
/* End PBXFrameworksBuildPhase section */

/* Begin PBXGroup section */
		CE236C1B2AA7145D00D99DDE = {
			isa = PBXGroup;
			children = (
				CE236C262AA7145D00D99DDE /* Test */,
				CE236C3D2AA7145E00D99DDE /* TestTests */,
				CE236C472AA7145E00D99DDE /* TestUITests */,
				CE236C252AA7145D00D99DDE /* Products */,
			);
			sourceTree = "<group>";
		};
		CE236C252AA7145D00D99DDE /* Products */ = {
			isa = PBXGroup;
			children = (
				CE236C242AA7145D00D99DDE /* Test.app */,
				CE236C3A2AA7145E00D99DDE /* TestTests.xctest */,
				CE236C442AA7145E00D99DDE /* TestUITests.xctest */,
			);
			name = Products;
			sourceTree = "<group>";
		};
		CE236C262AA7145D00D99DDE /* Test */ = {
			isa = PBXGroup;
			children = (
				CEED8B792BA51DBF00390C63 /* Controllers */,
				CEED8B782BA51DA000390C63 /* System files */,
				CE236C2D2AA7145D00D99DDE /* Main.storyboard */,
			);
			path = Test;
			sourceTree = "<group>";
		};
		CE236C3D2AA7145E00D99DDE /* TestTests */ = {
			isa = PBXGroup;
			children = (
				CE236C3E2AA7145E00D99DDE /* TestTests.swift */,
			);
			path = TestTests;
			sourceTree = "<group>";
		};
		CE236C472AA7145E00D99DDE /* TestUITests */ = {
			isa = PBXGroup;
			children = (
				CE236C482AA7145E00D99DDE /* TestUITests.swift */,
				CE236C4A2AA7145E00D99DDE /* TestUITestsLaunchTests.swift */,
			);
			path = TestUITests;
			sourceTree = "<group>";
		};
		CEED8B782BA51DA000390C63 /* System files */ = {
			isa = PBXGroup;
			children = (
				CE236C272AA7145D00D99DDE /* AppDelegate.swift */,
				CE236C292AA7145D00D99DDE /* SceneDelegate.swift */,
				CE236C302AA7145E00D99DDE /* Assets.xcassets */,
				CE236C322AA7145E00D99DDE /* LaunchScreen.storyboard */,
				CE236C352AA7145E00D99DDE /* Info.plist */,
			);
			name = "System files";
			sourceTree = "<group>";
		};
		CEED8B792BA51DBF00390C63 /* Controllers */ = {
			isa = PBXGroup;
			children = (
				CE236C2B2AA7145D00D99DDE /* ViewController.swift */,
			);
			name = Controllers;
			sourceTree = "<group>";
		};
/* End PBXGroup section */

/* Begin PBXNativeTarget section */
		CE236C232AA7145D00D99DDE /* Test */ = {
			isa = PBXNativeTarget;
			buildConfigurationList = CE236C4E2AA7145E00D99DDE /* Build configuration list for PBXNativeTarget "Test" */;
			buildPhases = (
				CE236C202AA7145D00D99DDE /* Sources */,
				CE236C212AA7145D00D99DDE /* Frameworks */,
				CE236C222AA7145D00D99DDE /* Resources */,
			);
			buildRules = (
			);
			dependencies = (
			);
			name = Test;
			productName = Test;
			productReference = CE236C242AA7145D00D99DDE /* Test.app */;
			productType = "com.apple.product-type.application";
		};
		CE236C392AA7145E00D99DDE /* TestTests */ = {
			isa = PBXNativeTarget;
			buildConfigurationList = CE236C512AA7145E00D99DDE /* Build configuration list for PBXNativeTarget "TestTests" */;
			buildPhases = (
				CE236C362AA7145E00D99DDE /* Sources */,
				CE236C372AA7145E00D99DDE /* Frameworks */,
				CE236C382AA7145E00D99DDE /* Resources */,
			);
			buildRules = (
			);
			dependencies = (
				CE236C3C2AA7145E00D99DDE /* PBXTargetDependency */,
			);
			name = TestTests;
			productName = TestTests;
			productReference = CE236C3A2AA7145E00D99DDE /* TestTests.xctest */;
			productType = "com.apple.product-type.bundle.unit-test";
		};
		CE236C432AA7145E00D99DDE /* TestUITests */ = {
			isa = PBXNativeTarget;
			buildConfigurationList = CE236C542AA7145E00D99DDE /* Build configuration list for PBXNativeTarget "TestUITests" */;
			buildPhases = (
				CE236C402AA7145E00D99DDE /* Sources */,
				CE236C412AA7145E00D99DDE /* Frameworks */,
				CE236C422AA7145E00D99DDE /* Resources */,
			);
			buildRules = (
			);
			dependencies = (
				CE236C462AA7145E00D99DDE /* PBXTargetDependency */,
			);
			name = TestUITests;
			productName = TestUITests;
			productReference = CE236C442AA7145E00D99DDE /* TestUITests.xctest */;
			productType = "com.apple.product-type.bundle.ui-testing";
		};
/* End PBXNativeTarget section */

/* Begin PBXProject section */
		CE236C1C2AA7145D00D99DDE /* Project object */ = {
			isa = PBXProject;
			attributes = {
				BuildIndependentTargetsInParallel = 1;
				LastSwiftUpdateCheck = 1420;
				LastUpgradeCheck = 1420;
				TargetAttributes = {
					CE236C232AA7145D00D99DDE = {
						CreatedOnToolsVersion = 14.2;
					};
					CE236C392AA7145E00D99DDE = {
						CreatedOnToolsVersion = 14.2;
						TestTargetID = CE236C232AA7145D00D99DDE;
					};
					CE236C432AA7145E00D99DDE = {
						CreatedOnToolsVersion = 14.2;
						TestTargetID = CE236C232AA7145D00D99DDE;
					};
				};
			};
			buildConfigurationList = CE236C1F2AA7145D00D99DDE /* Build configuration list for PBXProject "Test" */;
			compatibilityVersion = "Xcode 14.0";
			developmentRegion = en;
			hasScannedForEncodings = 0;
			knownRegions = (
				en,
				Base,
			);
			mainGroup = CE236C1B2AA7145D00D99DDE;
			productRefGroup = CE236C252AA7145D00D99DDE /* Products */;
			projectDirPath = "";
			projectRoot = "";
			targets = (
				CE236C232AA7145D00D99DDE /* Test */,
				CE236C392AA7145E00D99DDE /* TestTests */,
				CE236C432AA7145E00D99DDE /* TestUITests */,
			);
		};
/* End PBXProject section */

/* Begin PBXResourcesBuildPhase section */
		CE236C222AA7145D00D99DDE /* Resources */ = {
			isa = PBXResourcesBuildPhase;
			buildActionMask = 2147483647;
			files = (
				CE236C342AA7145E00D99DDE /* LaunchScreen.storyboard in Resources */,
				CE236C312AA7145E00D99DDE /* Assets.xcassets in Resources */,
				CE236C2F2AA7145D00D99DDE /* Main.storyboard in Resources */,
			);
			runOnlyForDeploymentPostprocessing = 0;
		};
		CE236C382AA7145E00D99DDE /* Resources */ = {
			isa = PBXResourcesBuildPhase;
			buildActionMask = 2147483647;
			files = (
			);
			runOnlyForDeploymentPostprocessing = 0;
		};
		CE236C422AA7145E00D99DDE /* Resources */ = {
			isa = PBXResourcesBuildPhase;
			buildActionMask = 2147483647;
			files = (
			);
			runOnlyForDeploymentPostprocessing = 0;
		};
/* End PBXResourcesBuildPhase section */

/* Begin PBXSourcesBuildPhase section */
		CE236C202AA7145D00D99DDE /* Sources */ = {
			isa = PBXSourcesBuildPhase;
			buildActionMask = 2147483647;
			files = (
				CE236C2C2AA7145D00D99DDE /* ViewController.swift in Sources */,
				CE236C282AA7145D00D99DDE /* AppDelegate.swift in Sources */,
				CE236C2A2AA7145D00D99DDE /* SceneDelegate.swift in Sources */,
			);
			runOnlyForDeploymentPostprocessing = 0;
		};
		CE236C362AA7145E00D99DDE /* Sources */ = {
			isa = PBXSourcesBuildPhase;
			buildActionMask = 2147483647;
			files = (
				CE236C3F2AA7145E00D99DDE /* TestTests.swift in Sources */,
			);
			runOnlyForDeploymentPostprocessing = 0;
		};
		CE236C402AA7145E00D99DDE /* Sources */ = {
			isa = PBXSourcesBuildPhase;
			buildActionMask = 2147483647;
			files = (
				CE236C4B2AA7145E00D99DDE /* TestUITestsLaunchTests.swift in Sources */,
				CE236C492AA7145E00D99DDE /* TestUITests.swift in Sources */,
			);
			runOnlyForDeploymentPostprocessing = 0;
		};
/* End PBXSourcesBuildPhase section */

/* Begin PBXTargetDependency section */
		CE236C3C2AA7145E00D99DDE /* PBXTargetDependency */ = {
			isa = PBXTargetDependency;
			target = CE236C232AA7145D00D99DDE /* Test */;
			targetProxy = CE236C3B2AA7145E00D99DDE /* PBXContainerItemProxy */;
		};
		CE236C462AA7145E00D99DDE /* PBXTargetDependency */ = {
			isa = PBXTargetDependency;
			target = CE236C232AA7145D00D99DDE /* Test */;
			targetProxy = CE236C452AA7145E00D99DDE /* PBXContainerItemProxy */;
		};
/* End PBXTargetDependency section */

/* Begin PBXVariantGroup section */
		CE236C2D2AA7145D00D99DDE /* Main.storyboard */ = {
			isa = PBXVariantGroup;
			children = (
				CE236C2E2AA7145D00D99DDE /* Base */,
			);
			name = Main.storyboard;
			sourceTree = "<group>";
		};
		CE236C322AA7145E00D99DDE /* LaunchScreen.storyboard */ = {
			isa = PBXVariantGroup;
			children = (
				CE236C332AA7145E00D99DDE /* Base */,
			);
			name = LaunchScreen.storyboard;
			sourceTree = "<group>";
		};
/* End PBXVariantGroup section */

/* Begin XCBuildConfiguration section */
		CE236C4C2AA7145E00D99DDE /* Debug */ = {
			isa = XCBuildConfiguration;
			buildSettings = {
				ALWAYS_SEARCH_USER_PATHS = NO;
				CLANG_ANALYZER_NONNULL = YES;
				CLANG_ANALYZER_NUMBER_OBJECT_CONVERSION = YES_AGGRESSIVE;
				CLANG_CXX_LANGUAGE_STANDARD = "gnu++20";
				CLANG_ENABLE_MODULES = YES;
				CLANG_ENABLE_OBJC_ARC = YES;
				CLANG_ENABLE_OBJC_WEAK = YES;
				CLANG_WARN_BLOCK_CAPTURE_AUTORELEASING = YES;
				CLANG_WARN_BOOL_CONVERSION = YES;
				CLANG_WARN_COMMA = YES;
				CLANG_WARN_CONSTANT_CONVERSION = YES;
				CLANG_WARN_DEPRECATED_OBJC_IMPLEMENTATIONS = YES;
				CLANG_WARN_DIRECT_OBJC_ISA_USAGE = YES_ERROR;
				CLANG_WARN_DOCUMENTATION_COMMENTS = YES;
				CLANG_WARN_EMPTY_BODY = YES;
				CLANG_WARN_ENUM_CONVERSION = YES;
				CLANG_WARN_INFINITE_RECURSION = YES;
				CLANG_WARN_INT_CONVERSION = YES;
				CLANG_WARN_NON_LITERAL_NULL_CONVERSION = YES;
				CLANG_WARN_OBJC_IMPLICIT_RETAIN_SELF = YES;
				CLANG_WARN_OBJC_LITERAL_CONVERSION = YES;
				CLANG_WARN_OBJC_ROOT_CLASS = YES_ERROR;
				CLANG_WARN_QUOTED_INCLUDE_IN_FRAMEWORK_HEADER = YES;
				CLANG_WARN_RANGE_LOOP_ANALYSIS = YES;
				CLANG_WARN_STRICT_PROTOTYPES = YES;
				CLANG_WARN_SUSPICIOUS_MOVE = YES;
				CLANG_WARN_UNGUARDED_AVAILABILITY = YES_AGGRESSIVE;
				CLANG_WARN_UNREACHABLE_CODE = YES;
				CLANG_WARN__DUPLICATE_METHOD_MATCH = YES;
				COPY_PHASE_STRIP = NO;
				DEBUG_INFORMATION_FORMAT = dwarf;
				ENABLE_STRICT_OBJC_MSGSEND = YES;
				ENABLE_TESTABILITY = YES;
				GCC_C_LANGUAGE_STANDARD = gnu11;
				GCC_DYNAMIC_NO_PIC = NO;
				GCC_NO_COMMON_BLOCKS = YES;
				GCC_OPTIMIZATION_LEVEL = 0;
				GCC_PREPROCESSOR_DEFINITIONS = (
					"DEBUG=1",
					"$(inherited)",
				);
				GCC_WARN_64_TO_32_BIT_CONVERSION = YES;
				GCC_WARN_ABOUT_RETURN_TYPE = YES_ERROR;
				GCC_WARN_UNDECLARED_SELECTOR = YES;
				GCC_WARN_UNINITIALIZED_AUTOS = YES_AGGRESSIVE;
				GCC_WARN_UNUSED_FUNCTION = YES;
				GCC_WARN_UNUSED_VARIABLE = YES;
				IPHONEOS_DEPLOYMENT_TARGET = 16.2;
				MTL_ENABLE_DEBUG_INFO = INCLUDE_SOURCE;
				MTL_FAST_MATH = YES;
				ONLY_ACTIVE_ARCH = YES;
				SDKROOT = iphoneos;
				SWIFT_ACTIVE_COMPILATION_CONDITIONS = DEBUG;
				SWIFT_OPTIMIZATION_LEVEL = "-Onone";
			};
			name = Debug;
		};
		CE236C4D2AA7145E00D99DDE /* Release */ = {
			isa = XCBuildConfiguration;
			buildSettings = {
				ALWAYS_SEARCH_USER_PATHS = NO;
				CLANG_ANALYZER_NONNULL = YES;
				CLANG_ANALYZER_NUMBER_OBJECT_CONVERSION = YES_AGGRESSIVE;
				CLANG_CXX_LANGUAGE_STANDARD = "gnu++20";
				CLANG_ENABLE_MODULES = YES;
				CLANG_ENABLE_OBJC_ARC = YES;
				CLANG_ENABLE_OBJC_WEAK = YES;
				CLANG_WARN_BLOCK_CAPTURE_AUTORELEASING = YES;
				CLANG_WARN_BOOL_CONVERSION = YES;
				CLANG_WARN_COMMA = YES;
				CLANG_WARN_CONSTANT_CONVERSION = YES;
				CLANG_WARN_DEPRECATED_OBJC_IMPLEMENTATIONS = YES;
				CLANG_WARN_DIRECT_OBJC_ISA_USAGE = YES_ERROR;
				CLANG_WARN_DOCUMENTATION_COMMENTS = YES;
				CLANG_WARN_EMPTY_BODY = YES;
				CLANG_WARN_ENUM_CONVERSION = YES;
				CLANG_WARN_INFINITE_RECURSION = YES;
				CLANG_WARN_INT_CONVERSION = YES;
				CLANG_WARN_NON_LITERAL_NULL_CONVERSION = YES;
				CLANG_WARN_OBJC_IMPLICIT_RETAIN_SELF = YES;
				CLANG_WARN_OBJC_LITERAL_CONVERSION = YES;
				CLANG_WARN_OBJC_ROOT_CLASS = YES_ERROR;
				CLANG_WARN_QUOTED_INCLUDE_IN_FRAMEWORK_HEADER = YES;
				CLANG_WARN_RANGE_LOOP_ANALYSIS = YES;
				CLANG_WARN_STRICT_PROTOTYPES = YES;
				CLANG_WARN_SUSPICIOUS_MOVE = YES;
				CLANG_WARN_UNGUARDED_AVAILABILITY = YES_AGGRESSIVE;
				CLANG_WARN_UNREACHABLE_CODE = YES;
				CLANG_WARN__DUPLICATE_METHOD_MATCH = YES;
				COPY_PHASE_STRIP = NO;
				DEBUG_INFORMATION_FORMAT = "dwarf-with-dsym";
				ENABLE_NS_ASSERTIONS = NO;
				ENABLE_STRICT_OBJC_MSGSEND = YES;
				GCC_C_LANGUAGE_STANDARD = gnu11;
				GCC_NO_COMMON_BLOCKS = YES;
				GCC_WARN_64_TO_32_BIT_CONVERSION = YES;
				GCC_WARN_ABOUT_RETURN_TYPE = YES_ERROR;
				GCC_WARN_UNDECLARED_SELECTOR = YES;
				GCC_WARN_UNINITIALIZED_AUTOS = YES_AGGRESSIVE;
				GCC_WARN_UNUSED_FUNCTION = YES;
				GCC_WARN_UNUSED_VARIABLE = YES;
				IPHONEOS_DEPLOYMENT_TARGET = 16.2;
				MTL_ENABLE_DEBUG_INFO = NO;
				MTL_FAST_MATH = YES;
				SDKROOT = iphoneos;
				SWIFT_COMPILATION_MODE = wholemodule;
				SWIFT_OPTIMIZATION_LEVEL = "-O";
				VALIDATE_PRODUCT = YES;
			};
			name = Release;
		};
		CE236C4F2AA7145E00D99DDE /* Debug */ = {
			isa = XCBuildConfiguration;
			buildSettings = {
				ASSETCATALOG_COMPILER_APPICON_NAME = AppIcon;
				ASSETCATALOG_COMPILER_GLOBAL_ACCENT_COLOR_NAME = AccentColor;
				CODE_SIGN_STYLE = Automatic;
				CURRENT_PROJECT_VERSION = 1;
				GENERATE_INFOPLIST_FILE = YES;
				INFOPLIST_FILE = Test/Info.plist;
				INFOPLIST_KEY_UIApplicationSupportsIndirectInputEvents = YES;
				INFOPLIST_KEY_UILaunchStoryboardName = LaunchScreen;
				INFOPLIST_KEY_UIMainStoryboardFile = Main;
				INFOPLIST_KEY_UISupportedInterfaceOrientations_iPad = "UIInterfaceOrientationPortrait UIInterfaceOrientationPortraitUpsideDown UIInterfaceOrientationLandscapeLeft UIInterfaceOrientationLandscapeRight";
				INFOPLIST_KEY_UISupportedInterfaceOrientations_iPhone = "UIInterfaceOrientationPortrait UIInterfaceOrientationLandscapeLeft UIInterfaceOrientationLandscapeRight";
				LD_RUNPATH_SEARCH_PATHS = (
					"$(inherited)",
					"@executable_path/Frameworks",
				);
				MARKETING_VERSION = 1.0;
				PRODUCT_BUNDLE_IDENTIFIER = vn.edu.tdc.Test;
				PRODUCT_NAME = "$(TARGET_NAME)";
				SWIFT_EMIT_LOC_STRINGS = YES;
				SWIFT_VERSION = 5.0;
				TARGETED_DEVICE_FAMILY = "1,2";
			};
			name = Debug;
		};
		CE236C502AA7145E00D99DDE /* Release */ = {
			isa = XCBuildConfiguration;
			buildSettings = {
				ASSETCATALOG_COMPILER_APPICON_NAME = AppIcon;
				ASSETCATALOG_COMPILER_GLOBAL_ACCENT_COLOR_NAME = AccentColor;
				CODE_SIGN_STYLE = Automatic;
				CURRENT_PROJECT_VERSION = 1;
				GENERATE_INFOPLIST_FILE = YES;
				INFOPLIST_FILE = Test/Info.plist;
				INFOPLIST_KEY_UIApplicationSupportsIndirectInputEvents = YES;
				INFOPLIST_KEY_UILaunchStoryboardName = LaunchScreen;
				INFOPLIST_KEY_UIMainStoryboardFile = Main;
				INFOPLIST_KEY_UISupportedInterfaceOrientations_iPad = "UIInterfaceOrientationPortrait UIInterfaceOrientationPortraitUpsideDown UIInterfaceOrientationLandscapeLeft UIInterfaceOrientationLandscapeRight";
				INFOPLIST_KEY_UISupportedInterfaceOrientations_iPhone = "UIInterfaceOrientationPortrait UIInterfaceOrientationLandscapeLeft UIInterfaceOrientationLandscapeRight";
				LD_RUNPATH_SEARCH_PATHS = (
					"$(inherited)",
					"@executable_path/Frameworks",
				);
				MARKETING_VERSION = 1.0;
				PRODUCT_BUNDLE_IDENTIFIER = vn.edu.tdc.Test;
				PRODUCT_NAME = "$(TARGET_NAME)";
				SWIFT_EMIT_LOC_STRINGS = YES;
				SWIFT_VERSION = 5.0;
				TARGETED_DEVICE_FAMILY = "1,2";
			};
			name = Release;
		};
		CE236C522AA7145E00D99DDE /* Debug */ = {
			isa = XCBuildConfiguration;
			buildSettings = {
				ALWAYS_EMBED_SWIFT_STANDARD_LIBRARIES = YES;
				BUNDLE_LOADER = "$(TEST_HOST)";
				CODE_SIGN_STYLE = Automatic;
				CURRENT_PROJECT_VERSION = 1;
				GENERATE_INFOPLIST_FILE = YES;
				IPHONEOS_DEPLOYMENT_TARGET = 16.2;
				MARKETING_VERSION = 1.0;
				PRODUCT_BUNDLE_IDENTIFIER = vn.edu.tdc.TestTests;
				PRODUCT_NAME = "$(TARGET_NAME)";
				SWIFT_EMIT_LOC_STRINGS = NO;
				SWIFT_VERSION = 5.0;
				TARGETED_DEVICE_FAMILY = "1,2";
				TEST_HOST = "$(BUILT_PRODUCTS_DIR)/Test.app/$(BUNDLE_EXECUTABLE_FOLDER_PATH)/Test";
			};
			name = Debug;
		};
		CE236C532AA7145E00D99DDE /* Release */ = {
			isa = XCBuildConfiguration;
			buildSettings = {
				ALWAYS_EMBED_SWIFT_STANDARD_LIBRARIES = YES;
				BUNDLE_LOADER = "$(TEST_HOST)";
				CODE_SIGN_STYLE = Automatic;
				CURRENT_PROJECT_VERSION = 1;
				GENERATE_INFOPLIST_FILE = YES;
				IPHONEOS_DEPLOYMENT_TARGET = 16.2;
				MARKETING_VERSION = 1.0;
				PRODUCT_BUNDLE_IDENTIFIER = vn.edu.tdc.TestTests;
				PRODUCT_NAME = "$(TARGET_NAME)";
				SWIFT_EMIT_LOC_STRINGS = NO;
				SWIFT_VERSION = 5.0;
				TARGETED_DEVICE_FAMILY = "1,2";
				TEST_HOST = "$(BUILT_PRODUCTS_DIR)/Test.app/$(BUNDLE_EXECUTABLE_FOLDER_PATH)/Test";
			};
			name = Release;
		};
		CE236C552AA7145E00D99DDE /* Debug */ = {
			isa = XCBuildConfiguration;
			buildSettings = {
				ALWAYS_EMBED_SWIFT_STANDARD_LIBRARIES = YES;
				CODE_SIGN_STYLE = Automatic;
				CURRENT_PROJECT_VERSION = 1;
				GENERATE_INFOPLIST_FILE = YES;
				MARKETING_VERSION = 1.0;
				PRODUCT_BUNDLE_IDENTIFIER = vn.edu.tdc.TestUITests;
				PRODUCT_NAME = "$(TARGET_NAME)";
				SWIFT_EMIT_LOC_STRINGS = NO;
				SWIFT_VERSION = 5.0;
				TARGETED_DEVICE_FAMILY = "1,2";
				TEST_TARGET_NAME = Test;
			};
			name = Debug;
		};
		CE236C562AA7145E00D99DDE /* Release */ = {
			isa = XCBuildConfiguration;
			buildSettings = {
				ALWAYS_EMBED_SWIFT_STANDARD_LIBRARIES = YES;
				CODE_SIGN_STYLE = Automatic;
				CURRENT_PROJECT_VERSION = 1;
				GENERATE_INFOPLIST_FILE = YES;
				MARKETING_VERSION = 1.0;
				PRODUCT_BUNDLE_IDENTIFIER = vn.edu.tdc.TestUITests;
				PRODUCT_NAME = "$(TARGET_NAME)";
				SWIFT_EMIT_LOC_STRINGS = NO;
				SWIFT_VERSION = 5.0;
				TARGETED_DEVICE_FAMILY = "1,2";
				TEST_TARGET_NAME = Test;
			};
			name = Release;
		};
/* End XCBuildConfiguration section */

/* Begin XCConfigurationList section */
		CE236C1F2AA7145D00D99DDE /* Build configuration list for PBXProject "Test" */ = {
			isa = XCConfigurationList;
			buildConfigurations = (
				CE236C4C2AA7145E00D99DDE /* Debug */,
				CE236C4D2AA7145E00D99DDE /* Release */,
			);
			defaultConfigurationIsVisible = 0;
			defaultConfigurationName = Release;
		};
		CE236C4E2AA7145E00D99DDE /* Build configuration list for PBXNativeTarget "Test" */ = {
			isa = XCConfigurationList;
			buildConfigurations = (
				CE236C4F2AA7145E00D99DDE /* Debug */,
				CE236C502AA7145E00D99DDE /* Release */,
			);
			defaultConfigurationIsVisible = 0;
			defaultConfigurationName = Release;
		};
		CE236C512AA7145E00D99DDE /* Build configuration list for PBXNativeTarget "TestTests" */ = {
			isa = XCConfigurationList;
			buildConfigurations = (
				CE236C522AA7145E00D99DDE /* Debug */,
				CE236C532AA7145E00D99DDE /* Release */,
			);
			defaultConfigurationIsVisible = 0;
			defaultConfigurationName = Release;
		};
		CE236C542AA7145E00D99DDE /* Build configuration list for PBXNativeTarget "TestUITests" */ = {
			isa = XCConfigurationList;
			buildConfigurations = (
				CE236C552AA7145E00D99DDE /* Debug */,
				CE236C562AA7145E00D99DDE /* Release */,
			);
			defaultConfigurationIsVisible = 0;
			defaultConfigurationName = Release;
		};
/* End XCConfigurationList section */
	};
	rootObject = CE236C1C2AA7145D00D99DDE /* Project object */;
}
